// !$*UTF8*$!
{
	archiveVersion = 1;
	classes = {
	};
	objectVersion = 46;
	objects = {

/* Begin PBXBuildFile section */
		800322741F42D46700D9DD06 /* main.m in Sources */ = {isa = PBXBuildFile; fileRef = 800322731F42D46700D9DD06 /* main.m */; };
		800322771F42D46700D9DD06 /* AppDelegate.m in Sources */ = {isa = PBXBuildFile; fileRef = 800322761F42D46700D9DD06 /* AppDelegate.m */; };
		8003227A1F42D46700D9DD06 /* ViewController.m in Sources */ = {isa = PBXBuildFile; fileRef = 800322791F42D46700D9DD06 /* ViewController.m */; };
		8003227D1F42D46700D9DD06 /* Main.storyboard in Resources */ = {isa = PBXBuildFile; fileRef = 8003227B1F42D46700D9DD06 /* Main.storyboard */; };
		8003227F1F42D46700D9DD06 /* Assets.xcassets in Resources */ = {isa = PBXBuildFile; fileRef = 8003227E1F42D46700D9DD06 /* Assets.xcassets */; };
		800322821F42D46700D9DD06 /* LaunchScreen.storyboard in Resources */ = {isa = PBXBuildFile; fileRef = 800322801F42D46700D9DD06 /* LaunchScreen.storyboard */; };
		8003228D1F42D46700D9DD06 /* ZZChainDemoTests.m in Sources */ = {isa = PBXBuildFile; fileRef = 8003228C1F42D46700D9DD06 /* ZZChainDemoTests.m */; };
		800322981F42D46700D9DD06 /* ZZChainDemoUITests.m in Sources */ = {isa = PBXBuildFile; fileRef = 800322971F42D46700D9DD06 /* ZZChainDemoUITests.m */; };
		800322BD1F42E3A500D9DD06 /* NSString+ZZChian.m in Sources */ = {isa = PBXBuildFile; fileRef = 800322BC1F42E3A500D9DD06 /* NSString+ZZChian.m */; };
		800322C01F42E41E00D9DD06 /* UIColor+ZZChain.m in Sources */ = {isa = PBXBuildFile; fileRef = 800322BF1F42E41E00D9DD06 /* UIColor+ZZChain.m */; };
		800322C31F42E44D00D9DD06 /* UIView+ZZChian.m in Sources */ = {isa = PBXBuildFile; fileRef = 800322C21F42E44D00D9DD06 /* UIView+ZZChian.m */; };
		800322C61F42E47D00D9DD06 /* UILabel+ZZChain.m in Sources */ = {isa = PBXBuildFile; fileRef = 800322C51F42E47D00D9DD06 /* UILabel+ZZChain.m */; };
		800322C91F42E4FD00D9DD06 /* UIImageView+ZZChain.m in Sources */ = {isa = PBXBuildFile; fileRef = 800322C81F42E4FD00D9DD06 /* UIImageView+ZZChain.m */; };
		800322CC1F42E5DD00D9DD06 /* UIButton+ZZChain.m in Sources */ = {isa = PBXBuildFile; fileRef = 800322CB1F42E5DD00D9DD06 /* UIButton+ZZChain.m */; };
		80FAD4341F43EAA8000890BD /* UITextField+ZZChain.m in Sources */ = {isa = PBXBuildFile; fileRef = 80FAD4331F43EAA8000890BD /* UITextField+ZZChain.m */; };
		80FAD4371F43EF61000890BD /* UITextView+ZZChain.m in Sources */ = {isa = PBXBuildFile; fileRef = 80FAD4361F43EF61000890BD /* UITextView+ZZChain.m */; };
/* End PBXBuildFile section */

/* Begin PBXContainerItemProxy section */
		800322891F42D46700D9DD06 /* PBXContainerItemProxy */ = {
			isa = PBXContainerItemProxy;
			containerPortal = 800322671F42D46700D9DD06 /* Project object */;
			proxyType = 1;
			remoteGlobalIDString = 8003226E1F42D46700D9DD06;
			remoteInfo = ZZChainDemo;
		};
		800322941F42D46700D9DD06 /* PBXContainerItemProxy */ = {
			isa = PBXContainerItemProxy;
			containerPortal = 800322671F42D46700D9DD06 /* Project object */;
			proxyType = 1;
			remoteGlobalIDString = 8003226E1F42D46700D9DD06;
			remoteInfo = ZZChainDemo;
		};
/* End PBXContainerItemProxy section */

/* Begin PBXFileReference section */
		8003226F1F42D46700D9DD06 /* ZZChainDemo.app */ = {isa = PBXFileReference; explicitFileType = wrapper.application; includeInIndex = 0; path = ZZChainDemo.app; sourceTree = BUILT_PRODUCTS_DIR; };
		800322731F42D46700D9DD06 /* main.m */ = {isa = PBXFileReference; lastKnownFileType = sourcecode.c.objc; path = main.m; sourceTree = "<group>"; };
		800322751F42D46700D9DD06 /* AppDelegate.h */ = {isa = PBXFileReference; lastKnownFileType = sourcecode.c.h; path = AppDelegate.h; sourceTree = "<group>"; };
		800322761F42D46700D9DD06 /* AppDelegate.m */ = {isa = PBXFileReference; lastKnownFileType = sourcecode.c.objc; path = AppDelegate.m; sourceTree = "<group>"; };
		800322781F42D46700D9DD06 /* ViewController.h */ = {isa = PBXFileReference; lastKnownFileType = sourcecode.c.h; path = ViewController.h; sourceTree = "<group>"; };
		800322791F42D46700D9DD06 /* ViewController.m */ = {isa = PBXFileReference; lastKnownFileType = sourcecode.c.objc; path = ViewController.m; sourceTree = "<group>"; };
		8003227C1F42D46700D9DD06 /* Base */ = {isa = PBXFileReference; lastKnownFileType = file.storyboard; name = Base; path = Base.lproj/Main.storyboard; sourceTree = "<group>"; };
		8003227E1F42D46700D9DD06 /* Assets.xcassets */ = {isa = PBXFileReference; lastKnownFileType = folder.assetcatalog; path = Assets.xcassets; sourceTree = "<group>"; };
		800322811F42D46700D9DD06 /* Base */ = {isa = PBXFileReference; lastKnownFileType = file.storyboard; name = Base; path = Base.lproj/LaunchScreen.storyboard; sourceTree = "<group>"; };
		800322831F42D46700D9DD06 /* Info.plist */ = {isa = PBXFileReference; lastKnownFileType = text.plist.xml; path = Info.plist; sourceTree = "<group>"; };
		800322881F42D46700D9DD06 /* ZZChainDemoTests.xctest */ = {isa = PBXFileReference; explicitFileType = wrapper.cfbundle; includeInIndex = 0; path = ZZChainDemoTests.xctest; sourceTree = BUILT_PRODUCTS_DIR; };
		8003228C1F42D46700D9DD06 /* ZZChainDemoTests.m */ = {isa = PBXFileReference; lastKnownFileType = sourcecode.c.objc; path = ZZChainDemoTests.m; sourceTree = "<group>"; };
		8003228E1F42D46700D9DD06 /* Info.plist */ = {isa = PBXFileReference; lastKnownFileType = text.plist.xml; path = Info.plist; sourceTree = "<group>"; };
		800322931F42D46700D9DD06 /* ZZChainDemoUITests.xctest */ = {isa = PBXFileReference; explicitFileType = wrapper.cfbundle; includeInIndex = 0; path = ZZChainDemoUITests.xctest; sourceTree = BUILT_PRODUCTS_DIR; };
		800322971F42D46700D9DD06 /* ZZChainDemoUITests.m */ = {isa = PBXFileReference; lastKnownFileType = sourcecode.c.objc; path = ZZChainDemoUITests.m; sourceTree = "<group>"; };
		800322991F42D46700D9DD06 /* Info.plist */ = {isa = PBXFileReference; lastKnownFileType = text.plist.xml; path = Info.plist; sourceTree = "<group>"; };
		800322A61F42E24800D9DD06 /* CHChainHeader.h */ = {isa = PBXFileReference; fileEncoding = 4; lastKnownFileType = sourcecode.c.h; path = CHChainHeader.h; sourceTree = "<group>"; };
		800322BB1F42E3A500D9DD06 /* NSString+ZZChian.h */ = {isa = PBXFileReference; fileEncoding = 4; lastKnownFileType = sourcecode.c.h; path = "NSString+ZZChian.h"; sourceTree = "<group>"; };
		800322BC1F42E3A500D9DD06 /* NSString+ZZChian.m */ = {isa = PBXFileReference; fileEncoding = 4; lastKnownFileType = sourcecode.c.objc; path = "NSString+ZZChian.m"; sourceTree = "<group>"; };
		800322BE1F42E41E00D9DD06 /* UIColor+ZZChain.h */ = {isa = PBXFileReference; fileEncoding = 4; lastKnownFileType = sourcecode.c.h; path = "UIColor+ZZChain.h"; sourceTree = "<group>"; };
		800322BF1F42E41E00D9DD06 /* UIColor+ZZChain.m */ = {isa = PBXFileReference; fileEncoding = 4; lastKnownFileType = sourcecode.c.objc; path = "UIColor+ZZChain.m"; sourceTree = "<group>"; };
		800322C11F42E44D00D9DD06 /* UIView+ZZChian.h */ = {isa = PBXFileReference; fileEncoding = 4; lastKnownFileType = sourcecode.c.h; path = "UIView+ZZChian.h"; sourceTree = "<group>"; };
		800322C21F42E44D00D9DD06 /* UIView+ZZChian.m */ = {isa = PBXFileReference; fileEncoding = 4; lastKnownFileType = sourcecode.c.objc; path = "UIView+ZZChian.m"; sourceTree = "<group>"; };
		800322C41F42E47D00D9DD06 /* UILabel+ZZChain.h */ = {isa = PBXFileReference; fileEncoding = 4; lastKnownFileType = sourcecode.c.h; path = "UILabel+ZZChain.h"; sourceTree = "<group>"; };
		800322C51F42E47D00D9DD06 /* UILabel+ZZChain.m */ = {isa = PBXFileReference; fileEncoding = 4; lastKnownFileType = sourcecode.c.objc; path = "UILabel+ZZChain.m"; sourceTree = "<group>"; };
		800322C71F42E4FD00D9DD06 /* UIImageView+ZZChain.h */ = {isa = PBXFileReference; fileEncoding = 4; lastKnownFileType = sourcecode.c.h; path = "UIImageView+ZZChain.h"; sourceTree = "<group>"; };
		800322C81F42E4FD00D9DD06 /* UIImageView+ZZChain.m */ = {isa = PBXFileReference; fileEncoding = 4; lastKnownFileType = sourcecode.c.objc; path = "UIImageView+ZZChain.m"; sourceTree = "<group>"; };
		800322CA1F42E5DD00D9DD06 /* UIButton+ZZChain.h */ = {isa = PBXFileReference; fileEncoding = 4; lastKnownFileType = sourcecode.c.h; path = "UIButton+ZZChain.h"; sourceTree = "<group>"; };
		800322CB1F42E5DD00D9DD06 /* UIButton+ZZChain.m */ = {isa = PBXFileReference; fileEncoding = 4; lastKnownFileType = sourcecode.c.objc; path = "UIButton+ZZChain.m"; sourceTree = "<group>"; };
		80FAD4321F43EAA8000890BD /* UITextField+ZZChain.h */ = {isa = PBXFileReference; fileEncoding = 4; lastKnownFileType = sourcecode.c.h; path = "UITextField+ZZChain.h"; sourceTree = "<group>"; };
		80FAD4331F43EAA8000890BD /* UITextField+ZZChain.m */ = {isa = PBXFileReference; fileEncoding = 4; lastKnownFileType = sourcecode.c.objc; path = "UITextField+ZZChain.m"; sourceTree = "<group>"; };
		80FAD4351F43EF61000890BD /* UITextView+ZZChain.h */ = {isa = PBXFileReference; fileEncoding = 4; lastKnownFileType = sourcecode.c.h; path = "UITextView+ZZChain.h"; sourceTree = "<group>"; };
		80FAD4361F43EF61000890BD /* UITextView+ZZChain.m */ = {isa = PBXFileReference; fileEncoding = 4; lastKnownFileType = sourcecode.c.objc; path = "UITextView+ZZChain.m"; sourceTree = "<group>"; };
/* End PBXFileReference section */

/* Begin PBXFrameworksBuildPhase section */
		8003226C1F42D46700D9DD06 /* Frameworks */ = {
			isa = PBXFrameworksBuildPhase;
			buildActionMask = 2147483647;
			files = (
			);
			runOnlyForDeploymentPostprocessing = 0;
		};
		800322851F42D46700D9DD06 /* Frameworks */ = {
			isa = PBXFrameworksBuildPhase;
			buildActionMask = 2147483647;
			files = (
			);
			runOnlyForDeploymentPostprocessing = 0;
		};
		800322901F42D46700D9DD06 /* Frameworks */ = {
			isa = PBXFrameworksBuildPhase;
			buildActionMask = 2147483647;
			files = (
			);
			runOnlyForDeploymentPostprocessing = 0;
		};
/* End PBXFrameworksBuildPhase section */

/* Begin PBXGroup section */
		800322661F42D46700D9DD06 = {
			isa = PBXGroup;
			children = (
				800322711F42D46700D9DD06 /* ZZChainDemo */,
				8003228B1F42D46700D9DD06 /* ZZChainDemoTests */,
				800322961F42D46700D9DD06 /* ZZChainDemoUITests */,
				800322701F42D46700D9DD06 /* Products */,
			);
			sourceTree = "<group>";
		};
		800322701F42D46700D9DD06 /* Products */ = {
			isa = PBXGroup;
			children = (
				8003226F1F42D46700D9DD06 /* ZZChainDemo.app */,
				800322881F42D46700D9DD06 /* ZZChainDemoTests.xctest */,
				800322931F42D46700D9DD06 /* ZZChainDemoUITests.xctest */,
			);
			name = Products;
			sourceTree = "<group>";
		};
		800322711F42D46700D9DD06 /* ZZChainDemo */ = {
			isa = PBXGroup;
			children = (
				800322751F42D46700D9DD06 /* AppDelegate.h */,
				800322761F42D46700D9DD06 /* AppDelegate.m */,
				800322781F42D46700D9DD06 /* ViewController.h */,
				800322791F42D46700D9DD06 /* ViewController.m */,
				800322A51F42E23300D9DD06 /* ZZChainKit */,
				8003227B1F42D46700D9DD06 /* Main.storyboard */,
				8003227E1F42D46700D9DD06 /* Assets.xcassets */,
				800322801F42D46700D9DD06 /* LaunchScreen.storyboard */,
				800322831F42D46700D9DD06 /* Info.plist */,
				800322721F42D46700D9DD06 /* Supporting Files */,
			);
			path = ZZChainDemo;
			sourceTree = "<group>";
		};
		800322721F42D46700D9DD06 /* Supporting Files */ = {
			isa = PBXGroup;
			children = (
				800322731F42D46700D9DD06 /* main.m */,
			);
			name = "Supporting Files";
			sourceTree = "<group>";
		};
		8003228B1F42D46700D9DD06 /* ZZChainDemoTests */ = {
			isa = PBXGroup;
			children = (
				8003228C1F42D46700D9DD06 /* ZZChainDemoTests.m */,
				8003228E1F42D46700D9DD06 /* Info.plist */,
			);
			path = ZZChainDemoTests;
			sourceTree = "<group>";
		};
		800322961F42D46700D9DD06 /* ZZChainDemoUITests */ = {
			isa = PBXGroup;
			children = (
				800322971F42D46700D9DD06 /* ZZChainDemoUITests.m */,
				800322991F42D46700D9DD06 /* Info.plist */,
			);
			path = ZZChainDemoUITests;
			sourceTree = "<group>";
		};
		800322A51F42E23300D9DD06 /* ZZChainKit */ = {
			isa = PBXGroup;
			children = (
				800322A61F42E24800D9DD06 /* CHChainHeader.h */,
				800322B01F42E2AF00D9DD06 /* Foundation */,
				800322B11F42E2AF00D9DD06 /* UI */,
			);
			path = ZZChainKit;
			sourceTree = "<group>";
		};
		800322B01F42E2AF00D9DD06 /* Foundation */ = {
			isa = PBXGroup;
			children = (
				800322BB1F42E3A500D9DD06 /* NSString+ZZChian.h */,
				800322BC1F42E3A500D9DD06 /* NSString+ZZChian.m */,
			);
			path = Foundation;
			sourceTree = "<group>";
		};
		800322B11F42E2AF00D9DD06 /* UI */ = {
			isa = PBXGroup;
			children = (
				800322BE1F42E41E00D9DD06 /* UIColor+ZZChain.h */,
				800322BF1F42E41E00D9DD06 /* UIColor+ZZChain.m */,
				800322C11F42E44D00D9DD06 /* UIView+ZZChian.h */,
				800322C21F42E44D00D9DD06 /* UIView+ZZChian.m */,
				800322C41F42E47D00D9DD06 /* UILabel+ZZChain.h */,
				800322C51F42E47D00D9DD06 /* UILabel+ZZChain.m */,
				800322C71F42E4FD00D9DD06 /* UIImageView+ZZChain.h */,
				800322C81F42E4FD00D9DD06 /* UIImageView+ZZChain.m */,
				800322CA1F42E5DD00D9DD06 /* UIButton+ZZChain.h */,
				800322CB1F42E5DD00D9DD06 /* UIButton+ZZChain.m */,
				80FAD4321F43EAA8000890BD /* UITextField+ZZChain.h */,
				80FAD4331F43EAA8000890BD /* UITextField+ZZChain.m */,
				80FAD4351F43EF61000890BD /* UITextView+ZZChain.h */,
				80FAD4361F43EF61000890BD /* UITextView+ZZChain.m */,
			);
			path = UI;
			sourceTree = "<group>";
		};
/* End PBXGroup section */

/* Begin PBXNativeTarget section */
		8003226E1F42D46700D9DD06 /* ZZChainDemo */ = {
			isa = PBXNativeTarget;
			buildConfigurationList = 8003229C1F42D46700D9DD06 /* Build configuration list for PBXNativeTarget "ZZChainDemo" */;
			buildPhases = (
				8003226B1F42D46700D9DD06 /* Sources */,
				8003226C1F42D46700D9DD06 /* Frameworks */,
				8003226D1F42D46700D9DD06 /* Resources */,
			);
			buildRules = (
			);
			dependencies = (
			);
			name = ZZChainDemo;
			productName = ZZChainDemo;
			productReference = 8003226F1F42D46700D9DD06 /* ZZChainDemo.app */;
			productType = "com.apple.product-type.application";
		};
		800322871F42D46700D9DD06 /* ZZChainDemoTests */ = {
			isa = PBXNativeTarget;
			buildConfigurationList = 8003229F1F42D46700D9DD06 /* Build configuration list for PBXNativeTarget "ZZChainDemoTests" */;
			buildPhases = (
				800322841F42D46700D9DD06 /* Sources */,
				800322851F42D46700D9DD06 /* Frameworks */,
				800322861F42D46700D9DD06 /* Resources */,
			);
			buildRules = (
			);
			dependencies = (
				8003228A1F42D46700D9DD06 /* PBXTargetDependency */,
			);
			name = ZZChainDemoTests;
			productName = ZZChainDemoTests;
			productReference = 800322881F42D46700D9DD06 /* ZZChainDemoTests.xctest */;
			productType = "com.apple.product-type.bundle.unit-test";
		};
		800322921F42D46700D9DD06 /* ZZChainDemoUITests */ = {
			isa = PBXNativeTarget;
			buildConfigurationList = 800322A21F42D46700D9DD06 /* Build configuration list for PBXNativeTarget "ZZChainDemoUITests" */;
			buildPhases = (
				8003228F1F42D46700D9DD06 /* Sources */,
				800322901F42D46700D9DD06 /* Frameworks */,
				800322911F42D46700D9DD06 /* Resources */,
			);
			buildRules = (
			);
			dependencies = (
				800322951F42D46700D9DD06 /* PBXTargetDependency */,
			);
			name = ZZChainDemoUITests;
			productName = ZZChainDemoUITests;
			productReference = 800322931F42D46700D9DD06 /* ZZChainDemoUITests.xctest */;
			productType = "com.apple.product-type.bundle.ui-testing";
		};
/* End PBXNativeTarget section */

/* Begin PBXProject section */
		800322671F42D46700D9DD06 /* Project object */ = {
			isa = PBXProject;
			attributes = {
				LastUpgradeCheck = 0830;
				ORGANIZATIONNAME = "Celnet Technology Co.,Ltd";
				TargetAttributes = {
					8003226E1F42D46700D9DD06 = {
						CreatedOnToolsVersion = 8.3.3;
						DevelopmentTeam = XM8347382N;
						ProvisioningStyle = Automatic;
					};
					800322871F42D46700D9DD06 = {
						CreatedOnToolsVersion = 8.3.3;
						DevelopmentTeam = XM8347382N;
						ProvisioningStyle = Automatic;
						TestTargetID = 8003226E1F42D46700D9DD06;
					};
					800322921F42D46700D9DD06 = {
						CreatedOnToolsVersion = 8.3.3;
						DevelopmentTeam = XM8347382N;
						ProvisioningStyle = Automatic;
						TestTargetID = 8003226E1F42D46700D9DD06;
					};
				};
			};
			buildConfigurationList = 8003226A1F42D46700D9DD06 /* Build configuration list for PBXProject "ZZChainDemo" */;
			compatibilityVersion = "Xcode 3.2";
			developmentRegion = English;
			hasScannedForEncodings = 0;
			knownRegions = (
				en,
				Base,
			);
			mainGroup = 800322661F42D46700D9DD06;
			productRefGroup = 800322701F42D46700D9DD06 /* Products */;
			projectDirPath = "";
			projectRoot = "";
			targets = (
				8003226E1F42D46700D9DD06 /* ZZChainDemo */,
				800322871F42D46700D9DD06 /* ZZChainDemoTests */,
				800322921F42D46700D9DD06 /* ZZChainDemoUITests */,
			);
		};
/* End PBXProject section */

/* Begin PBXResourcesBuildPhase section */
		8003226D1F42D46700D9DD06 /* Resources */ = {
			isa = PBXResourcesBuildPhase;
			buildActionMask = 2147483647;
			files = (
				800322821F42D46700D9DD06 /* LaunchScreen.storyboard in Resources */,
				8003227F1F42D46700D9DD06 /* Assets.xcassets in Resources */,
				8003227D1F42D46700D9DD06 /* Main.storyboard in Resources */,
			);
			runOnlyForDeploymentPostprocessing = 0;
		};
		800322861F42D46700D9DD06 /* Resources */ = {
			isa = PBXResourcesBuildPhase;
			buildActionMask = 2147483647;
			files = (
			);
			runOnlyForDeploymentPostprocessing = 0;
		};
		800322911F42D46700D9DD06 /* Resources */ = {
			isa = PBXResourcesBuildPhase;
			buildActionMask = 2147483647;
			files = (
			);
			runOnlyForDeploymentPostprocessing = 0;
		};
/* End PBXResourcesBuildPhase section */

/* Begin PBXSourcesBuildPhase section */
		8003226B1F42D46700D9DD06 /* Sources */ = {
			isa = PBXSourcesBuildPhase;
			buildActionMask = 2147483647;
			files = (
				8003227A1F42D46700D9DD06 /* ViewController.m in Sources */,
				800322C61F42E47D00D9DD06 /* UILabel+ZZChain.m in Sources */,
				800322C31F42E44D00D9DD06 /* UIView+ZZChian.m in Sources */,
				80FAD4371F43EF61000890BD /* UITextView+ZZChain.m in Sources */,
				800322CC1F42E5DD00D9DD06 /* UIButton+ZZChain.m in Sources */,
				800322C01F42E41E00D9DD06 /* UIColor+ZZChain.m in Sources */,
				800322771F42D46700D9DD06 /* AppDelegate.m in Sources */,
				800322741F42D46700D9DD06 /* main.m in Sources */,
				80FAD4341F43EAA8000890BD /* UITextField+ZZChain.m in Sources */,
				800322C91F42E4FD00D9DD06 /* UIImageView+ZZChain.m in Sources */,
				800322BD1F42E3A500D9DD06 /* NSString+ZZChian.m in Sources */,
			);
			runOnlyForDeploymentPostprocessing = 0;
		};
		800322841F42D46700D9DD06 /* Sources */ = {
			isa = PBXSourcesBuildPhase;
			buildActionMask = 2147483647;
			files = (
				8003228D1F42D46700D9DD06 /* ZZChainDemoTests.m in Sources */,
			);
			runOnlyForDeploymentPostprocessing = 0;
		};
		8003228F1F42D46700D9DD06 /* Sources */ = {
			isa = PBXSourcesBuildPhase;
			buildActionMask = 2147483647;
			files = (
				800322981F42D46700D9DD06 /* ZZChainDemoUITests.m in Sources */,
			);
			runOnlyForDeploymentPostprocessing = 0;
		};
/* End PBXSourcesBuildPhase section */

/* Begin PBXTargetDependency section */
		8003228A1F42D46700D9DD06 /* PBXTargetDependency */ = {
			isa = PBXTargetDependency;
			target = 8003226E1F42D46700D9DD06 /* ZZChainDemo */;
			targetProxy = 800322891F42D46700D9DD06 /* PBXContainerItemProxy */;
		};
		800322951F42D46700D9DD06 /* PBXTargetDependency */ = {
			isa = PBXTargetDependency;
			target = 8003226E1F42D46700D9DD06 /* ZZChainDemo */;
			targetProxy = 800322941F42D46700D9DD06 /* PBXContainerItemProxy */;
		};
/* End PBXTargetDependency section */

/* Begin PBXVariantGroup section */
		8003227B1F42D46700D9DD06 /* Main.storyboard */ = {
			isa = PBXVariantGroup;
			children = (
				8003227C1F42D46700D9DD06 /* Base */,
			);
			name = Main.storyboard;
			sourceTree = "<group>";
		};
		800322801F42D46700D9DD06 /* LaunchScreen.storyboard */ = {
			isa = PBXVariantGroup;
			children = (
				800322811F42D46700D9DD06 /* Base */,
			);
			name = LaunchScreen.storyboard;
			sourceTree = "<group>";
		};
/* End PBXVariantGroup section */

/* Begin XCBuildConfiguration section */
		8003229A1F42D46700D9DD06 /* Debug */ = {
			isa = XCBuildConfiguration;
			buildSettings = {
				ALWAYS_SEARCH_USER_PATHS = NO;
				CLANG_ANALYZER_NONNULL = YES;
				CLANG_ANALYZER_NUMBER_OBJECT_CONVERSION = YES_AGGRESSIVE;
				CLANG_CXX_LANGUAGE_STANDARD = "gnu++0x";
				CLANG_CXX_LIBRARY = "libc++";
				CLANG_ENABLE_MODULES = YES;
				CLANG_ENABLE_OBJC_ARC = YES;
				CLANG_WARN_BOOL_CONVERSION = YES;
				CLANG_WARN_CONSTANT_CONVERSION = YES;
				CLANG_WARN_DIRECT_OBJC_ISA_USAGE = YES_ERROR;
				CLANG_WARN_DOCUMENTATION_COMMENTS = YES;
				CLANG_WARN_EMPTY_BODY = YES;
				CLANG_WARN_ENUM_CONVERSION = YES;
				CLANG_WARN_INFINITE_RECURSION = YES;
				CLANG_WARN_INT_CONVERSION = YES;
				CLANG_WARN_OBJC_ROOT_CLASS = YES_ERROR;
				CLANG_WARN_SUSPICIOUS_MOVE = YES;
				CLANG_WARN_UNREACHABLE_CODE = YES;
				CLANG_WARN__DUPLICATE_METHOD_MATCH = YES;
				"CODE_SIGN_IDENTITY[sdk=iphoneos*]" = "iPhone Developer";
				COPY_PHASE_STRIP = NO;
				DEBUG_INFORMATION_FORMAT = dwarf;
				ENABLE_STRICT_OBJC_MSGSEND = YES;
				ENABLE_TESTABILITY = YES;
				GCC_C_LANGUAGE_STANDARD = gnu99;
				GCC_DYNAMIC_NO_PIC = NO;
				GCC_NO_COMMON_BLOCKS = YES;
				GCC_OPTIMIZATION_LEVEL = 0;
				GCC_PREPROCESSOR_DEFINITIONS = (
					"DEBUG=1",
					"$(inherited)",
				);
				GCC_WARN_64_TO_32_BIT_CONVERSION = YES;
				GCC_WARN_ABOUT_RETURN_TYPE = YES_ERROR;
				GCC_WARN_UNDECLARED_SELECTOR = YES;
				GCC_WARN_UNINITIALIZED_AUTOS = YES_AGGRESSIVE;
				GCC_WARN_UNUSED_FUNCTION = YES;
				GCC_WARN_UNUSED_VARIABLE = YES;
				IPHONEOS_DEPLOYMENT_TARGET = 10.3;
				MTL_ENABLE_DEBUG_INFO = YES;
				ONLY_ACTIVE_ARCH = YES;
				SDKROOT = iphoneos;
			};
			name = Debug;
		};
		8003229B1F42D46700D9DD06 /* Release */ = {
			isa = XCBuildConfiguration;
			buildSettings = {
				ALWAYS_SEARCH_USER_PATHS = NO;
				CLANG_ANALYZER_NONNULL = YES;
				CLANG_ANALYZER_NUMBER_OBJECT_CONVERSION = YES_AGGRESSIVE;
				CLANG_CXX_LANGUAGE_STANDARD = "gnu++0x";
				CLANG_CXX_LIBRARY = "libc++";
				CLANG_ENABLE_MODULES = YES;
				CLANG_ENABLE_OBJC_ARC = YES;
				CLANG_WARN_BOOL_CONVERSION = YES;
				CLANG_WARN_CONSTANT_CONVERSION = YES;
				CLANG_WARN_DIRECT_OBJC_ISA_USAGE = YES_ERROR;
				CLANG_WARN_DOCUMENTATION_COMMENTS = YES;
				CLANG_WARN_EMPTY_BODY = YES;
				CLANG_WARN_ENUM_CONVERSION = YES;
				CLANG_WARN_INFINITE_RECURSION = YES;
				CLANG_WARN_INT_CONVERSION = YES;
				CLANG_WARN_OBJC_ROOT_CLASS = YES_ERROR;
				CLANG_WARN_SUSPICIOUS_MOVE = YES;
				CLANG_WARN_UNREACHABLE_CODE = YES;
				CLANG_WARN__DUPLICATE_METHOD_MATCH = YES;
				"CODE_SIGN_IDENTITY[sdk=iphoneos*]" = "iPhone Developer";
				COPY_PHASE_STRIP = NO;
				DEBUG_INFORMATION_FORMAT = "dwarf-with-dsym";
				ENABLE_NS_ASSERTIONS = NO;
				ENABLE_STRICT_OBJC_MSGSEND = YES;
				GCC_C_LANGUAGE_STANDARD = gnu99;
				GCC_NO_COMMON_BLOCKS = YES;
				GCC_WARN_64_TO_32_BIT_CONVERSION = YES;
				GCC_WARN_ABOUT_RETURN_TYPE = YES_ERROR;
				GCC_WARN_UNDECLARED_SELECTOR = YES;
				GCC_WARN_UNINITIALIZED_AUTOS = YES_AGGRESSIVE;
				GCC_WARN_UNUSED_FUNCTION = YES;
				GCC_WARN_UNUSED_VARIABLE = YES;
				IPHONEOS_DEPLOYMENT_TARGET = 10.3;
				MTL_ENABLE_DEBUG_INFO = NO;
				SDKROOT = iphoneos;
				VALIDATE_PRODUCT = YES;
			};
			name = Release;
		};
		8003229D1F42D46700D9DD06 /* Debug */ = {
			isa = XCBuildConfiguration;
			buildSettings = {
				ASSETCATALOG_COMPILER_APPICON_NAME = AppIcon;
				DEVELOPMENT_TEAM = XM8347382N;
				INFOPLIST_FILE = ZZChainDemo/Info.plist;
				LD_RUNPATH_SEARCH_PATHS = "$(inherited) @executable_path/Frameworks";
				PRODUCT_BUNDLE_IDENTIFIER = com.celnet.service.ZZChainDemo;
				PRODUCT_NAME = "$(TARGET_NAME)";
			};
			name = Debug;
		};
		8003229E1F42D46700D9DD06 /* Release */ = {
			isa = XCBuildConfiguration;
			buildSettings = {
				ASSETCATALOG_COMPILER_APPICON_NAME = AppIcon;
				DEVELOPMENT_TEAM = XM8347382N;
				INFOPLIST_FILE = ZZChainDemo/Info.plist;
				LD_RUNPATH_SEARCH_PATHS = "$(inherited) @executable_path/Frameworks";
				PRODUCT_BUNDLE_IDENTIFIER = com.celnet.service.ZZChainDemo;
				PRODUCT_NAME = "$(TARGET_NAME)";
			};
			name = Release;
		};
		800322A01F42D46700D9DD06 /* Debug */ = {
			isa = XCBuildConfiguration;
			buildSettings = {
				BUNDLE_LOADER = "$(TEST_HOST)";
				DEVELOPMENT_TEAM = XM8347382N;
				INFOPLIST_FILE = ZZChainDemoTests/Info.plist;
				LD_RUNPATH_SEARCH_PATHS = "$(inherited) @executable_path/Frameworks @loader_path/Frameworks";
				PRODUCT_BUNDLE_IDENTIFIER = com.celnet.service.ZZChainDemoTests;
				PRODUCT_NAME = "$(TARGET_NAME)";
				TEST_HOST = "$(BUILT_PRODUCTS_DIR)/ZZChainDemo.app/ZZChainDemo";
			};
			name = Debug;
		};
		800322A11F42D46700D9DD06 /* Release */ = {
			isa = XCBuildConfiguration;
			buildSettings = {
				BUNDLE_LOADER = "$(TEST_HOST)";
				DEVELOPMENT_TEAM = XM8347382N;
				INFOPLIST_FILE = ZZChainDemoTests/Info.plist;
				LD_RUNPATH_SEARCH_PATHS = "$(inherited) @executable_path/Frameworks @loader_path/Frameworks";
				PRODUCT_BUNDLE_IDENTIFIER = com.celnet.service.ZZChainDemoTests;
				PRODUCT_NAME = "$(TARGET_NAME)";
				TEST_HOST = "$(BUILT_PRODUCTS_DIR)/ZZChainDemo.app/ZZChainDemo";
			};
			name = Release;
		};
		800322A31F42D46700D9DD06 /* Debug */ = {
			isa = XCBuildConfiguration;
			buildSettings = {
				DEVELOPMENT_TEAM = XM8347382N;
				INFOPLIST_FILE = ZZChainDemoUITests/Info.plist;
				LD_RUNPATH_SEARCH_PATHS = "$(inherited) @executable_path/Frameworks @loader_path/Frameworks";
				PRODUCT_BUNDLE_IDENTIFIER = com.celnet.service.ZZChainDemoUITests;
				PRODUCT_NAME = "$(TARGET_NAME)";
				TEST_TARGET_NAME = ZZChainDemo;
			};
			name = Debug;
		};
		800322A41F42D46700D9DD06 /* Release */ = {
			isa = XCBuildConfiguration;
			buildSettings = {
				DEVELOPMENT_TEAM = XM8347382N;
				INFOPLIST_FILE = ZZChainDemoUITests/Info.plist;
				LD_RUNPATH_SEARCH_PATHS = "$(inherited) @executable_path/Frameworks @loader_path/Frameworks";
				PRODUCT_BUNDLE_IDENTIFIER = com.celnet.service.ZZChainDemoUITests;
				PRODUCT_NAME = "$(TARGET_NAME)";
				TEST_TARGET_NAME = ZZChainDemo;
			};
			name = Release;
		};
/* End XCBuildConfiguration section */

/* Begin XCConfigurationList section */
		8003226A1F42D46700D9DD06 /* Build configuration list for PBXProject "ZZChainDemo" */ = {
			isa = XCConfigurationList;
			buildConfigurations = (
				8003229A1F42D46700D9DD06 /* Debug */,
				8003229B1F42D46700D9DD06 /* Release */,
			);
			defaultConfigurationIsVisible = 0;
			defaultConfigurationName = Release;
		};
		8003229C1F42D46700D9DD06 /* Build configuration list for PBXNativeTarget "ZZChainDemo" */ = {
			isa = XCConfigurationList;
			buildConfigurations = (
				8003229D1F42D46700D9DD06 /* Debug */,
				8003229E1F42D46700D9DD06 /* Release */,
			);
			defaultConfigurationIsVisible = 0;
			defaultConfigurationName = Release;
		};
		8003229F1F42D46700D9DD06 /* Build configuration list for PBXNativeTarget "ZZChainDemoTests" */ = {
			isa = XCConfigurationList;
			buildConfigurations = (
				800322A01F42D46700D9DD06 /* Debug */,
				800322A11F42D46700D9DD06 /* Release */,
			);
			defaultConfigurationIsVisible = 0;
			defaultConfigurationName = Release;
		};
		800322A21F42D46700D9DD06 /* Build configuration list for PBXNativeTarget "ZZChainDemoUITests" */ = {
			isa = XCConfigurationList;
			buildConfigurations = (
				800322A31F42D46700D9DD06 /* Debug */,
				800322A41F42D46700D9DD06 /* Release */,
			);
			defaultConfigurationIsVisible = 0;
			defaultConfigurationName = Release;
		};
/* End XCConfigurationList section */
	};
	rootObject = 800322671F42D46700D9DD06 /* Project object */;
}
